{
  "name": "editor",
  "version": "1.0.0",
  "lockfileVersion": 1,
  "requires": true,
  "dependencies": {
    "codeprinter": {
      "version": "0.8.3",
      "resolved": "https://registry.npmjs.org/codeprinter/-/codeprinter-0.8.3.tgz",
      "integrity": "sha512-9+M4AM4yu3KiPNOcM/H4l2Yvo6s7Ib5Z89P5HCcGoHdk3SJTJ8rurdS3QzElm4IuNouAw2wlB75aQxMPhPMVJA=="
    }
  }
}
